// !$*UTF8*$!
{
	archiveVersion = 1;
	classes = {
	};
	objectVersion = 55;
	objects = {

/* Begin PBXBuildFile section */
		9A4B88B52963380A00947B1D /* AppDelegate.swift in Sources */ = {isa = PBXBuildFile; fileRef = 9A4B88B42963380A00947B1D /* AppDelegate.swift */; };
		9A4B88B72963380A00947B1D /* SceneDelegate.swift in Sources */ = {isa = PBXBuildFile; fileRef = 9A4B88B62963380A00947B1D /* SceneDelegate.swift */; };
		9A4B88B92963380B00947B1D /* ConversationViewController.swift in Sources */ = {isa = PBXBuildFile; fileRef = 9A4B88B82963380B00947B1D /* ConversationViewController.swift */; };
		9A4B88BC2963380B00947B1D /* Main.storyboard in Resources */ = {isa = PBXBuildFile; fileRef = 9A4B88BA2963380B00947B1D /* Main.storyboard */; };
		9A4B88BE2963380D00947B1D /* Assets.xcassets in Resources */ = {isa = PBXBuildFile; fileRef = 9A4B88BD2963380D00947B1D /* Assets.xcassets */; };
		9A4B88C12963380D00947B1D /* LaunchScreen.storyboard in Resources */ = {isa = PBXBuildFile; fileRef = 9A4B88BF2963380D00947B1D /* LaunchScreen.storyboard */; };
		9A4B88D32963498C00947B1D /* LoginViewController.swift in Sources */ = {isa = PBXBuildFile; fileRef = 9A4B88D22963498C00947B1D /* LoginViewController.swift */; };
		9A4B88D529634C1400947B1D /* RegisterViewController.swift in Sources */ = {isa = PBXBuildFile; fileRef = 9A4B88D429634C1400947B1D /* RegisterViewController.swift */; };
		9A4B88D729634C1F00947B1D /* PhotoViewerViewController.swift in Sources */ = {isa = PBXBuildFile; fileRef = 9A4B88D629634C1F00947B1D /* PhotoViewerViewController.swift */; };
		9A4B88D929634C4700947B1D /* VideoPlayerViewController.swift in Sources */ = {isa = PBXBuildFile; fileRef = 9A4B88D829634C4700947B1D /* VideoPlayerViewController.swift */; };
		9A4B88DB29634C5600947B1D /* NewConversationViewController.swift in Sources */ = {isa = PBXBuildFile; fileRef = 9A4B88DA29634C5600947B1D /* NewConversationViewController.swift */; };
		9A4B88DD29634C5D00947B1D /* ProfileViewController.swift in Sources */ = {isa = PBXBuildFile; fileRef = 9A4B88DC29634C5D00947B1D /* ProfileViewController.swift */; };
		9A4B88E029635CD500947B1D /* Extensions.swift in Sources */ = {isa = PBXBuildFile; fileRef = 9A4B88DF29635CD400947B1D /* Extensions.swift */; };
/* End PBXBuildFile section */

/* Begin PBXFileReference section */
		9A4B88B12963380A00947B1D /* ChatAppForFriends.app */ = {isa = PBXFileReference; explicitFileType = wrapper.application; includeInIndex = 0; path = ChatAppForFriends.app; sourceTree = BUILT_PRODUCTS_DIR; };
		9A4B88B42963380A00947B1D /* AppDelegate.swift */ = {isa = PBXFileReference; lastKnownFileType = sourcecode.swift; path = AppDelegate.swift; sourceTree = "<group>"; };
		9A4B88B62963380A00947B1D /* SceneDelegate.swift */ = {isa = PBXFileReference; lastKnownFileType = sourcecode.swift; path = SceneDelegate.swift; sourceTree = "<group>"; };
		9A4B88B82963380B00947B1D /* ConversationViewController.swift */ = {isa = PBXFileReference; lastKnownFileType = sourcecode.swift; path = ConversationViewController.swift; sourceTree = "<group>"; };
		9A4B88BB2963380B00947B1D /* Base */ = {isa = PBXFileReference; lastKnownFileType = file.storyboard; name = Base; path = Base.lproj/Main.storyboard; sourceTree = "<group>"; };
		9A4B88BD2963380D00947B1D /* Assets.xcassets */ = {isa = PBXFileReference; lastKnownFileType = folder.assetcatalog; path = Assets.xcassets; sourceTree = "<group>"; };
		9A4B88C02963380D00947B1D /* Base */ = {isa = PBXFileReference; lastKnownFileType = file.storyboard; name = Base; path = Base.lproj/LaunchScreen.storyboard; sourceTree = "<group>"; };
		9A4B88C22963380D00947B1D /* Info.plist */ = {isa = PBXFileReference; lastKnownFileType = text.plist.xml; path = Info.plist; sourceTree = "<group>"; };
		9A4B88D22963498C00947B1D /* LoginViewController.swift */ = {isa = PBXFileReference; lastKnownFileType = sourcecode.swift; path = LoginViewController.swift; sourceTree = "<group>"; };
		9A4B88D429634C1400947B1D /* RegisterViewController.swift */ = {isa = PBXFileReference; lastKnownFileType = sourcecode.swift; path = RegisterViewController.swift; sourceTree = "<group>"; };
		9A4B88D629634C1F00947B1D /* PhotoViewerViewController.swift */ = {isa = PBXFileReference; lastKnownFileType = sourcecode.swift; path = PhotoViewerViewController.swift; sourceTree = "<group>"; };
		9A4B88D829634C4700947B1D /* VideoPlayerViewController.swift */ = {isa = PBXFileReference; lastKnownFileType = sourcecode.swift; path = VideoPlayerViewController.swift; sourceTree = "<group>"; };
		9A4B88DA29634C5600947B1D /* NewConversationViewController.swift */ = {isa = PBXFileReference; lastKnownFileType = sourcecode.swift; path = NewConversationViewController.swift; sourceTree = "<group>"; };
		9A4B88DC29634C5D00947B1D /* ProfileViewController.swift */ = {isa = PBXFileReference; lastKnownFileType = sourcecode.swift; path = ProfileViewController.swift; sourceTree = "<group>"; };
		9A4B88DF29635CD400947B1D /* Extensions.swift */ = {isa = PBXFileReference; lastKnownFileType = sourcecode.swift; path = Extensions.swift; sourceTree = "<group>"; };
/* End PBXFileReference section */

/* Begin PBXFrameworksBuildPhase section */
		9A4B88AE2963380A00947B1D /* Frameworks */ = {
			isa = PBXFrameworksBuildPhase;
			buildActionMask = 2147483647;
			files = (
			);
			runOnlyForDeploymentPostprocessing = 0;
		};
/* End PBXFrameworksBuildPhase section */

/* Begin PBXGroup section */
		9A4B88A82963380A00947B1D = {
			isa = PBXGroup;
			children = (
				9A4B88B32963380A00947B1D /* ChatAppForFriends */,
				9A4B88B22963380A00947B1D /* Products */,
			);
			sourceTree = "<group>";
		};
		9A4B88B22963380A00947B1D /* Products */ = {
			isa = PBXGroup;
			children = (
				9A4B88B12963380A00947B1D /* ChatAppForFriends.app */,
			);
			name = Products;
			sourceTree = "<group>";
		};
		9A4B88B32963380A00947B1D /* ChatAppForFriends */ = {
			isa = PBXGroup;
			children = (
				9A4B88CB29633D9600947B1D /* Resources */,
				9A4B88CA29633D8A00947B1D /* ViewModels */,
				9A4B88C929633C8200947B1D /* Models */,
				9A4B88C829633C7B00947B1D /* Views */,
				9A4B88CE29633DEE00947B1D /* Controllers */,
				9A4B88C22963380D00947B1D /* Info.plist */,
				9A4B88CF29633E8500947B1D /* Products */,
			);
			path = ChatAppForFriends;
			sourceTree = "<group>";
		};
		9A4B88C829633C7B00947B1D /* Views */ = {
			isa = PBXGroup;
			children = (
				9A4B88D029633E9800947B1D /* Storyboards */,
				9A4B88BD2963380D00947B1D /* Assets.xcassets */,
			);
			path = Views;
			sourceTree = "<group>";
		};
		9A4B88C929633C8200947B1D /* Models */ = {
			isa = PBXGroup;
			children = (
			);
			path = Models;
			sourceTree = "<group>";
		};
		9A4B88CA29633D8A00947B1D /* ViewModels */ = {
			isa = PBXGroup;
			children = (
			);
			path = ViewModels;
			sourceTree = "<group>";
		};
		9A4B88CB29633D9600947B1D /* Resources */ = {
			isa = PBXGroup;
			children = (
				9A4B88B42963380A00947B1D /* AppDelegate.swift */,
				9A4B88B62963380A00947B1D /* SceneDelegate.swift */,
				9A4B88DF29635CD400947B1D /* Extensions.swift */,
			);
			path = Resources;
			sourceTree = "<group>";
		};
		9A4B88CE29633DEE00947B1D /* Controllers */ = {
			isa = PBXGroup;
			children = (
				9A4B88B82963380B00947B1D /* ConversationViewController.swift */,
				9A4B88DE29634D9700947B1D /* Login */,
				9A4B88D629634C1F00947B1D /* PhotoViewerViewController.swift */,
				9A4B88D829634C4700947B1D /* VideoPlayerViewController.swift */,
				9A4B88DA29634C5600947B1D /* NewConversationViewController.swift */,
				9A4B88DC29634C5D00947B1D /* ProfileViewController.swift */,
			);
			path = Controllers;
			sourceTree = "<group>";
		};
		9A4B88CF29633E8500947B1D /* Products */ = {
			isa = PBXGroup;
			children = (
			);
			path = Products;
			sourceTree = "<group>";
		};
		9A4B88D029633E9800947B1D /* Storyboards */ = {
			isa = PBXGroup;
			children = (
				9A4B88BA2963380B00947B1D /* Main.storyboard */,
				9A4B88BF2963380D00947B1D /* LaunchScreen.storyboard */,
			);
			path = Storyboards;
			sourceTree = "<group>";
		};
		9A4B88DE29634D9700947B1D /* Login */ = {
			isa = PBXGroup;
			children = (
				9A4B88D22963498C00947B1D /* LoginViewController.swift */,
				9A4B88D429634C1400947B1D /* RegisterViewController.swift */,
			);
			path = Login;
			sourceTree = "<group>";
		};
/* End PBXGroup section */

/* Begin PBXNativeTarget section */
		9A4B88B02963380A00947B1D /* ChatAppForFriends */ = {
			isa = PBXNativeTarget;
			buildConfigurationList = 9A4B88C52963380D00947B1D /* Build configuration list for PBXNativeTarget "ChatAppForFriends" */;
			buildPhases = (
				9A4B88AD2963380A00947B1D /* Sources */,
				9A4B88AE2963380A00947B1D /* Frameworks */,
				9A4B88AF2963380A00947B1D /* Resources */,
			);
			buildRules = (
			);
			dependencies = (
			);
			name = ChatAppForFriends;
			productName = ChatAppForFriends;
			productReference = 9A4B88B12963380A00947B1D /* ChatAppForFriends.app */;
			productType = "com.apple.product-type.application";
		};
/* End PBXNativeTarget section */

/* Begin PBXProject section */
		9A4B88A92963380A00947B1D /* Project object */ = {
			isa = PBXProject;
			attributes = {
				BuildIndependentTargetsInParallel = 1;
				LastSwiftUpdateCheck = 1420;
				LastUpgradeCheck = 1420;
				TargetAttributes = {
					9A4B88B02963380A00947B1D = {
						CreatedOnToolsVersion = 14.2;
					};
				};
			};
			buildConfigurationList = 9A4B88AC2963380A00947B1D /* Build configuration list for PBXProject "ChatAppForFriends" */;
			compatibilityVersion = "Xcode 13.0";
			developmentRegion = en;
			hasScannedForEncodings = 0;
			knownRegions = (
				en,
				Base,
			);
			mainGroup = 9A4B88A82963380A00947B1D;
			productRefGroup = 9A4B88B22963380A00947B1D /* Products */;
			projectDirPath = "";
			projectRoot = "";
			targets = (
				9A4B88B02963380A00947B1D /* ChatAppForFriends */,
			);
		};
/* End PBXProject section */

/* Begin PBXResourcesBuildPhase section */
		9A4B88AF2963380A00947B1D /* Resources */ = {
			isa = PBXResourcesBuildPhase;
			buildActionMask = 2147483647;
			files = (
				9A4B88C12963380D00947B1D /* LaunchScreen.storyboard in Resources */,
				9A4B88BE2963380D00947B1D /* Assets.xcassets in Resources */,
				9A4B88BC2963380B00947B1D /* Main.storyboard in Resources */,
			);
			runOnlyForDeploymentPostprocessing = 0;
		};
/* End PBXResourcesBuildPhase section */

/* Begin PBXSourcesBuildPhase section */
		9A4B88AD2963380A00947B1D /* Sources */ = {
			isa = PBXSourcesBuildPhase;
			buildActionMask = 2147483647;
			files = (
				9A4B88D32963498C00947B1D /* LoginViewController.swift in Sources */,
				9A4B88D529634C1400947B1D /* RegisterViewController.swift in Sources */,
				9A4B88DB29634C5600947B1D /* NewConversationViewController.swift in Sources */,
				9A4B88B92963380B00947B1D /* ConversationViewController.swift in Sources */,
				9A4B88D929634C4700947B1D /* VideoPlayerViewController.swift in Sources */,
				9A4B88E029635CD500947B1D /* Extensions.swift in Sources */,
				9A4B88B52963380A00947B1D /* AppDelegate.swift in Sources */,
				9A4B88DD29634C5D00947B1D /* ProfileViewController.swift in Sources */,
				9A4B88B72963380A00947B1D /* SceneDelegate.swift in Sources */,
				9A4B88D729634C1F00947B1D /* PhotoViewerViewController.swift in Sources */,
			);
			runOnlyForDeploymentPostprocessing = 0;
		};
/* End PBXSourcesBuildPhase section */

/* Begin PBXVariantGroup section */
		9A4B88BA2963380B00947B1D /* Main.storyboard */ = {
			isa = PBXVariantGroup;
			children = (
				9A4B88BB2963380B00947B1D /* Base */,
			);
			name = Main.storyboard;
			sourceTree = "<group>";
		};
		9A4B88BF2963380D00947B1D /* LaunchScreen.storyboard */ = {
			isa = PBXVariantGroup;
			children = (
				9A4B88C02963380D00947B1D /* Base */,
			);
			name = LaunchScreen.storyboard;
			sourceTree = "<group>";
		};
/* End PBXVariantGroup section */

/* Begin XCBuildConfiguration section */
		9A4B88C32963380D00947B1D /* Debug */ = {
			isa = XCBuildConfiguration;
			buildSettings = {
				ALWAYS_SEARCH_USER_PATHS = NO;
				CLANG_ANALYZER_NONNULL = YES;
				CLANG_ANALYZER_NUMBER_OBJECT_CONVERSION = YES_AGGRESSIVE;
				CLANG_CXX_LANGUAGE_STANDARD = "gnu++20";
				CLANG_ENABLE_MODULES = YES;
				CLANG_ENABLE_OBJC_ARC = YES;
				CLANG_ENABLE_OBJC_WEAK = YES;
				CLANG_WARN_BLOCK_CAPTURE_AUTORELEASING = YES;
				CLANG_WARN_BOOL_CONVERSION = YES;
				CLANG_WARN_COMMA = YES;
				CLANG_WARN_CONSTANT_CONVERSION = YES;
				CLANG_WARN_DEPRECATED_OBJC_IMPLEMENTATIONS = YES;
				CLANG_WARN_DIRECT_OBJC_ISA_USAGE = YES_ERROR;
				CLANG_WARN_DOCUMENTATION_COMMENTS = YES;
				CLANG_WARN_EMPTY_BODY = YES;
				CLANG_WARN_ENUM_CONVERSION = YES;
				CLANG_WARN_INFINITE_RECURSION = YES;
				CLANG_WARN_INT_CONVERSION = YES;
				CLANG_WARN_NON_LITERAL_NULL_CONVERSION = YES;
				CLANG_WARN_OBJC_IMPLICIT_RETAIN_SELF = YES;
				CLANG_WARN_OBJC_LITERAL_CONVERSION = YES;
				CLANG_WARN_OBJC_ROOT_CLASS = YES_ERROR;
				CLANG_WARN_QUOTED_INCLUDE_IN_FRAMEWORK_HEADER = YES;
				CLANG_WARN_RANGE_LOOP_ANALYSIS = YES;
				CLANG_WARN_STRICT_PROTOTYPES = YES;
				CLANG_WARN_SUSPICIOUS_MOVE = YES;
				CLANG_WARN_UNGUARDED_AVAILABILITY = YES_AGGRESSIVE;
				CLANG_WARN_UNREACHABLE_CODE = YES;
				CLANG_WARN__DUPLICATE_METHOD_MATCH = YES;
				COPY_PHASE_STRIP = NO;
				DEBUG_INFORMATION_FORMAT = dwarf;
				ENABLE_STRICT_OBJC_MSGSEND = YES;
				ENABLE_TESTABILITY = YES;
				GCC_C_LANGUAGE_STANDARD = gnu11;
				GCC_DYNAMIC_NO_PIC = NO;
				GCC_NO_COMMON_BLOCKS = YES;
				GCC_OPTIMIZATION_LEVEL = 0;
				GCC_PREPROCESSOR_DEFINITIONS = (
					"DEBUG=1",
					"$(inherited)",
				);
				GCC_WARN_64_TO_32_BIT_CONVERSION = YES;
				GCC_WARN_ABOUT_RETURN_TYPE = YES_ERROR;
				GCC_WARN_UNDECLARED_SELECTOR = YES;
				GCC_WARN_UNINITIALIZED_AUTOS = YES_AGGRESSIVE;
				GCC_WARN_UNUSED_FUNCTION = YES;
				GCC_WARN_UNUSED_VARIABLE = YES;
				IPHONEOS_DEPLOYMENT_TARGET = 13.0;
				MTL_ENABLE_DEBUG_INFO = INCLUDE_SOURCE;
				MTL_FAST_MATH = YES;
				ONLY_ACTIVE_ARCH = YES;
				SDKROOT = iphoneos;
				SWIFT_ACTIVE_COMPILATION_CONDITIONS = DEBUG;
				SWIFT_OPTIMIZATION_LEVEL = "-Onone";
			};
			name = Debug;
		};
		9A4B88C42963380D00947B1D /* Release */ = {
			isa = XCBuildConfiguration;
			buildSettings = {
				ALWAYS_SEARCH_USER_PATHS = NO;
				CLANG_ANALYZER_NONNULL = YES;
				CLANG_ANALYZER_NUMBER_OBJECT_CONVERSION = YES_AGGRESSIVE;
				CLANG_CXX_LANGUAGE_STANDARD = "gnu++20";
				CLANG_ENABLE_MODULES = YES;
				CLANG_ENABLE_OBJC_ARC = YES;
				CLANG_ENABLE_OBJC_WEAK = YES;
				CLANG_WARN_BLOCK_CAPTURE_AUTORELEASING = YES;
				CLANG_WARN_BOOL_CONVERSION = YES;
				CLANG_WARN_COMMA = YES;
				CLANG_WARN_CONSTANT_CONVERSION = YES;
				CLANG_WARN_DEPRECATED_OBJC_IMPLEMENTATIONS = YES;
				CLANG_WARN_DIRECT_OBJC_ISA_USAGE = YES_ERROR;
				CLANG_WARN_DOCUMENTATION_COMMENTS = YES;
				CLANG_WARN_EMPTY_BODY = YES;
				CLANG_WARN_ENUM_CONVERSION = YES;
				CLANG_WARN_INFINITE_RECURSION = YES;
				CLANG_WARN_INT_CONVERSION = YES;
				CLANG_WARN_NON_LITERAL_NULL_CONVERSION = YES;
				CLANG_WARN_OBJC_IMPLICIT_RETAIN_SELF = YES;
				CLANG_WARN_OBJC_LITERAL_CONVERSION = YES;
				CLANG_WARN_OBJC_ROOT_CLASS = YES_ERROR;
				CLANG_WARN_QUOTED_INCLUDE_IN_FRAMEWORK_HEADER = YES;
				CLANG_WARN_RANGE_LOOP_ANALYSIS = YES;
				CLANG_WARN_STRICT_PROTOTYPES = YES;
				CLANG_WARN_SUSPICIOUS_MOVE = YES;
				CLANG_WARN_UNGUARDED_AVAILABILITY = YES_AGGRESSIVE;
				CLANG_WARN_UNREACHABLE_CODE = YES;
				CLANG_WARN__DUPLICATE_METHOD_MATCH = YES;
				COPY_PHASE_STRIP = NO;
				DEBUG_INFORMATION_FORMAT = "dwarf-with-dsym";
				ENABLE_NS_ASSERTIONS = NO;
				ENABLE_STRICT_OBJC_MSGSEND = YES;
				GCC_C_LANGUAGE_STANDARD = gnu11;
				GCC_NO_COMMON_BLOCKS = YES;
				GCC_WARN_64_TO_32_BIT_CONVERSION = YES;
				GCC_WARN_ABOUT_RETURN_TYPE = YES_ERROR;
				GCC_WARN_UNDECLARED_SELECTOR = YES;
				GCC_WARN_UNINITIALIZED_AUTOS = YES_AGGRESSIVE;
				GCC_WARN_UNUSED_FUNCTION = YES;
				GCC_WARN_UNUSED_VARIABLE = YES;
				IPHONEOS_DEPLOYMENT_TARGET = 13.0;
				MTL_ENABLE_DEBUG_INFO = NO;
				MTL_FAST_MATH = YES;
				SDKROOT = iphoneos;
				SWIFT_COMPILATION_MODE = wholemodule;
				SWIFT_OPTIMIZATION_LEVEL = "-O";
				VALIDATE_PRODUCT = YES;
			};
			name = Release;
		};
		9A4B88C62963380D00947B1D /* Debug */ = {
			isa = XCBuildConfiguration;
			buildSettings = {
				ASSETCATALOG_COMPILER_APPICON_NAME = AppIcon;
				ASSETCATALOG_COMPILER_GLOBAL_ACCENT_COLOR_NAME = AccentColor;
				CODE_SIGN_STYLE = Automatic;
				CURRENT_PROJECT_VERSION = 1;
				DEVELOPMENT_TEAM = 58CYZ5S52P;
				GENERATE_INFOPLIST_FILE = YES;
				INFOPLIST_FILE = ChatAppForFriends/Info.plist;
				INFOPLIST_KEY_UIApplicationSupportsIndirectInputEvents = YES;
				INFOPLIST_KEY_UILaunchStoryboardName = LaunchScreen;
				INFOPLIST_KEY_UIMainStoryboardFile = Main;
				INFOPLIST_KEY_UIRequiresFullScreen = NO;
				INFOPLIST_KEY_UISupportedInterfaceOrientations = UIInterfaceOrientationPortrait;
				INFOPLIST_KEY_UISupportedInterfaceOrientations_iPad = "UIInterfaceOrientationPortrait UIInterfaceOrientationPortraitUpsideDown";
				LD_RUNPATH_SEARCH_PATHS = (
					"$(inherited)",
					"@executable_path/Frameworks",
				);
				MARKETING_VERSION = 1.0;
				PRODUCT_BUNDLE_IDENTIFIER = MuhammadQodir.ChatAppForFriends;
				PRODUCT_NAME = "$(TARGET_NAME)";
				SWIFT_EMIT_LOC_STRINGS = YES;
				SWIFT_VERSION = 5.0;
				TARGETED_DEVICE_FAMILY = "1,2";
			};
			name = Debug;
		};
		9A4B88C72963380D00947B1D /* Release */ = {
			isa = XCBuildConfiguration;
			buildSettings = {
				ASSETCATALOG_COMPILER_APPICON_NAME = AppIcon;
				ASSETCATALOG_COMPILER_GLOBAL_ACCENT_COLOR_NAME = AccentColor;
				CODE_SIGN_STYLE = Automatic;
				CURRENT_PROJECT_VERSION = 1;
				DEVELOPMENT_TEAM = 58CYZ5S52P;
				GENERATE_INFOPLIST_FILE = YES;
				INFOPLIST_FILE = ChatAppForFriends/Info.plist;
				INFOPLIST_KEY_UIApplicationSupportsIndirectInputEvents = YES;
				INFOPLIST_KEY_UILaunchStoryboardName = LaunchScreen;
				INFOPLIST_KEY_UIMainStoryboardFile = Main;
				INFOPLIST_KEY_UIRequiresFullScreen = NO;
				INFOPLIST_KEY_UISupportedInterfaceOrientations = UIInterfaceOrientationPortrait;
				INFOPLIST_KEY_UISupportedInterfaceOrientations_iPad = "UIInterfaceOrientationPortrait UIInterfaceOrientationPortraitUpsideDown";
				LD_RUNPATH_SEARCH_PATHS = (
					"$(inherited)",
					"@executable_path/Frameworks",
				);
				MARKETING_VERSION = 1.0;
				PRODUCT_BUNDLE_IDENTIFIER = MuhammadQodir.ChatAppForFriends;
				PRODUCT_NAME = "$(TARGET_NAME)";
				SWIFT_EMIT_LOC_STRINGS = YES;
				SWIFT_VERSION = 5.0;
				TARGETED_DEVICE_FAMILY = "1,2";
			};
			name = Release;
		};
/* End XCBuildConfiguration section */

/* Begin XCConfigurationList section */
		9A4B88AC2963380A00947B1D /* Build configuration list for PBXProject "ChatAppForFriends" */ = {
			isa = XCConfigurationList;
			buildConfigurations = (
				9A4B88C32963380D00947B1D /* Debug */,
				9A4B88C42963380D00947B1D /* Release */,
			);
			defaultConfigurationIsVisible = 0;
			defaultConfigurationName = Release;
		};
		9A4B88C52963380D00947B1D /* Build configuration list for PBXNativeTarget "ChatAppForFriends" */ = {
			isa = XCConfigurationList;
			buildConfigurations = (
				9A4B88C62963380D00947B1D /* Debug */,
				9A4B88C72963380D00947B1D /* Release */,
			);
			defaultConfigurationIsVisible = 0;
			defaultConfigurationName = Release;
		};
/* End XCConfigurationList section */
	};
	rootObject = 9A4B88A92963380A00947B1D /* Project object */;
}
